// !$*UTF8*$!
{
	archiveVersion = 1;
	classes = {
	};
	objectVersion = 77;
	objects = {

/* Begin PBXBuildFile section */
		D10000000000000000000001 /* NineApp.swift in Sources */ = {isa = PBXBuildFile; fileRef = D20000000000000000000001 /* NineApp.swift */; };
		D10000000000000000000002 /* GameScene.swift in Sources */ = {isa = PBXBuildFile; fileRef = D20000000000000000000002 /* GameScene.swift */; };
		D10000000000000000000003 /* NineSmokeTests.swift in Sources */ = {isa = PBXBuildFile; fileRef = D20000000000000000000003 /* NineSmokeTests.swift */; };
		D10000000000000000000004 /* GameTimeCore in Frameworks */ = {isa = PBXBuildFile; productRef = D90000000000000000000001 /* GameTimeCore */; };
		D10000000000000000000005 /* GameTimeExperience in Frameworks */ = {isa = PBXBuildFile; productRef = D90000000000000000000002 /* GameTimeExperience */; };
		D10000000000000000000006 /* GameTimeCore in Frameworks */ = {isa = PBXBuildFile; productRef = D90000000000000000000001 /* GameTimeCore */; };
		D10000000000000000000007 /* NineBoardModel.swift in Sources */ = {isa = PBXBuildFile; fileRef = D20000000000000000000006 /* NineBoardModel.swift */; };
		D10000000000000000000008 /* NineBoardModelTests.swift in Sources */ = {isa = PBXBuildFile; fileRef = D20000000000000000000007 /* NineBoardModelTests.swift */; };
		D10000000000000000000009 /* NineLevelPipeline.swift in Sources */ = {isa = PBXBuildFile; fileRef = D20000000000000000000008 /* NineLevelPipeline.swift */; };
		D1000000000000000000000A /* PrototypeLevel+Pipeline.swift in Sources */ = {isa = PBXBuildFile; fileRef = D20000000000000000000009 /* PrototypeLevel+Pipeline.swift */; };
		D1000000000000000000000B /* NineLevelPipelineTests.swift in Sources */ = {isa = PBXBuildFile; fileRef = D2000000000000000000000A /* NineLevelPipelineTests.swift */; };
		D1000000000000000000000C /* NineLevels-v1.json in Resources */ = {isa = PBXBuildFile; fileRef = D2000000000000000000000B /* NineLevels-v1.json */; };
		D1000000000000000000000D /* NineFeedback.swift in Sources */ = {isa = PBXBuildFile; fileRef = D2000000000000000000000C /* NineFeedback.swift */; };
		D1000000000000000000000E /* NineFeedbackTests.swift in Sources */ = {isa = PBXBuildFile; fileRef = D2000000000000000000000D /* NineFeedbackTests.swift */; };
		D1000000000000000000000F /* NineGameCenter.swift in Sources */ = {isa = PBXBuildFile; fileRef = D2000000000000000000000E /* NineGameCenter.swift */; };
		D10000000000000000000010 /* NineCommerce.swift in Sources */ = {isa = PBXBuildFile; fileRef = D2000000000000000000000F /* NineCommerce.swift */; };
		D10000000000000000000011 /* GameTimeCommerce in Frameworks */ = {isa = PBXBuildFile; productRef = D90000000000000000000003 /* GameTimeCommerce */; };
		D10000000000000000000012 /* GoogleMobileAds in Frameworks */ = {isa = PBXBuildFile; productRef = D90000000000000000000004 /* GoogleMobileAds */; };
		D10000000000000000000013 /* NineCommerceTests.swift in Sources */ = {isa = PBXBuildFile; fileRef = D20000000000000000000010 /* NineCommerceTests.swift */; };
/* End PBXBuildFile section */

/* Begin PBXContainerItemProxy section */
		D11000000000000000000001 /* PBXContainerItemProxy */ = {
			isa = PBXContainerItemProxy;
			containerPortal = D80000000000000000000001 /* Project object */;
			proxyType = 1;
			remoteGlobalIDString = D50000000000000000000001;
			remoteInfo = Nine;
		};
/* End PBXContainerItemProxy section */

/* Begin PBXFileReference section */
		D20000000000000000000001 /* NineApp.swift */ = {isa = PBXFileReference; lastKnownFileType = sourcecode.swift; path = NineApp.swift; sourceTree = "<group>"; };
		D20000000000000000000002 /* GameScene.swift */ = {isa = PBXFileReference; lastKnownFileType = sourcecode.swift; path = GameScene.swift; sourceTree = "<group>"; };
		D20000000000000000000003 /* NineSmokeTests.swift */ = {isa = PBXFileReference; lastKnownFileType = sourcecode.swift; path = NineSmokeTests.swift; sourceTree = "<group>"; };
		D20000000000000000000004 /* Nine.app */ = {isa = PBXFileReference; explicitFileType = wrapper.application; includeInIndex = 0; path = Nine.app; sourceTree = BUILT_PRODUCTS_DIR; };
		D20000000000000000000005 /* NineTests.xctest */ = {isa = PBXFileReference; explicitFileType = wrapper.cfbundle; includeInIndex = 0; path = NineTests.xctest; sourceTree = BUILT_PRODUCTS_DIR; };
		D20000000000000000000006 /* NineBoardModel.swift */ = {isa = PBXFileReference; lastKnownFileType = sourcecode.swift; path = Model/NineBoardModel.swift; sourceTree = "<group>"; };
		D20000000000000000000007 /* NineBoardModelTests.swift */ = {isa = PBXFileReference; lastKnownFileType = sourcecode.swift; path = NineBoardModelTests.swift; sourceTree = "<group>"; };
		D20000000000000000000008 /* NineLevelPipeline.swift */ = {isa = PBXFileReference; lastKnownFileType = sourcecode.swift; path = Model/NineLevelPipeline.swift; sourceTree = "<group>"; };
		D20000000000000000000009 /* PrototypeLevel+Pipeline.swift */ = {isa = PBXFileReference; lastKnownFileType = sourcecode.swift; path = "Model/PrototypeLevel+Pipeline.swift"; sourceTree = "<group>"; };
		D2000000000000000000000A /* NineLevelPipelineTests.swift */ = {isa = PBXFileReference; lastKnownFileType = sourcecode.swift; path = NineLevelPipelineTests.swift; sourceTree = "<group>"; };
		D2000000000000000000000B /* NineLevels-v1.json */ = {isa = PBXFileReference; lastKnownFileType = text.json; path = "Resources/NineLevels-v1.json"; sourceTree = "<group>"; };
		D2000000000000000000000C /* NineFeedback.swift */ = {isa = PBXFileReference; lastKnownFileType = sourcecode.swift; path = Experience/NineFeedback.swift; sourceTree = "<group>"; };
		D2000000000000000000000D /* NineFeedbackTests.swift */ = {isa = PBXFileReference; lastKnownFileType = sourcecode.swift; path = NineFeedbackTests.swift; sourceTree = "<group>"; };
		D2000000000000000000000E /* NineGameCenter.swift */ = {isa = PBXFileReference; lastKnownFileType = sourcecode.swift; path = Experience/NineGameCenter.swift; sourceTree = "<group>"; };
		D2000000000000000000000F /* NineCommerce.swift */ = {isa = PBXFileReference; lastKnownFileType = sourcecode.swift; path = Experience/NineCommerce.swift; sourceTree = "<group>"; };
		D20000000000000000000010 /* NineCommerceTests.swift */ = {isa = PBXFileReference; lastKnownFileType = sourcecode.swift; path = NineCommerceTests.swift; sourceTree = "<group>"; };
/* End PBXFileReference section */

/* Begin PBXFrameworksBuildPhase section */
		D30000000000000000000001 /* Frameworks */ = {
			isa = PBXFrameworksBuildPhase;
			buildActionMask = 2147483647;
			files = (
				D10000000000000000000004 /* GameTimeCore in Frameworks */,
				D10000000000000000000005 /* GameTimeExperience in Frameworks */,
				D10000000000000000000011 /* GameTimeCommerce in Frameworks */,
				D10000000000000000000012 /* GoogleMobileAds in Frameworks */,
			);
			runOnlyForDeploymentPostprocessing = 0;
		};
		D30000000000000000000002 /* Frameworks */ = {
			isa = PBXFrameworksBuildPhase;
			buildActionMask = 2147483647;
			files = (
				D10000000000000000000006 /* GameTimeCore in Frameworks */,
			);
			runOnlyForDeploymentPostprocessing = 0;
		};
/* End PBXFrameworksBuildPhase section */

/* Begin PBXGroup section */
		D40000000000000000000001 = {
			isa = PBXGroup;
			children = (
				D40000000000000000000002 /* Nine */,
				D40000000000000000000003 /* NineTests */,
				D40000000000000000000004 /* Products */,
			);
			sourceTree = "<group>";
		};
		D40000000000000000000002 /* Nine */ = {
			isa = PBXGroup;
			children = (
				D20000000000000000000001 /* NineApp.swift */,
				D20000000000000000000002 /* GameScene.swift */,
				D20000000000000000000006 /* NineBoardModel.swift */,
				D20000000000000000000008 /* NineLevelPipeline.swift */,
				D20000000000000000000009 /* PrototypeLevel+Pipeline.swift */,
				D2000000000000000000000C /* NineFeedback.swift */,
				D2000000000000000000000E /* NineGameCenter.swift */,
				D2000000000000000000000F /* NineCommerce.swift */,
				D2000000000000000000000B /* NineLevels-v1.json */,
			);
			path = Nine;
			sourceTree = "<group>";
		};
		D40000000000000000000003 /* NineTests */ = {
			isa = PBXGroup;
			children = (
				D20000000000000000000003 /* NineSmokeTests.swift */,
				D20000000000000000000007 /* NineBoardModelTests.swift */,
				D2000000000000000000000A /* NineLevelPipelineTests.swift */,
				D2000000000000000000000D /* NineFeedbackTests.swift */,
				D20000000000000000000010 /* NineCommerceTests.swift */,
			);
			path = NineTests;
			sourceTree = "<group>";
		};
		D40000000000000000000004 /* Products */ = {
			isa = PBXGroup;
			children = (
				D20000000000000000000004 /* Nine.app */,
				D20000000000000000000005 /* NineTests.xctest */,
			);
			name = Products;
			sourceTree = "<group>";
		};
/* End PBXGroup section */

/* Begin PBXNativeTarget section */
		D50000000000000000000001 /* Nine */ = {
			isa = PBXNativeTarget;
			buildConfigurationList = D91000000000000000000002 /* Build configuration list for PBXNativeTarget "Nine" */;
			buildPhases = (
				D60000000000000000000001 /* Sources */,
				D30000000000000000000001 /* Frameworks */,
				D70000000000000000000001 /* Resources */,
			);
			buildRules = (
			);
			dependencies = (
			);
			name = Nine;
			packageProductDependencies = (
				D90000000000000000000001 /* GameTimeCore */,
				D90000000000000000000002 /* GameTimeExperience */,
				D90000000000000000000003 /* GameTimeCommerce */,
				D90000000000000000000004 /* GoogleMobileAds */,
			);
			productName = Nine;
			productReference = D20000000000000000000004 /* Nine.app */;
			productType = "com.apple.product-type.application";
		};
		D50000000000000000000002 /* NineTests */ = {
			isa = PBXNativeTarget;
			buildConfigurationList = D91000000000000000000003 /* Build configuration list for PBXNativeTarget "NineTests" */;
			buildPhases = (
				D60000000000000000000002 /* Sources */,
				D30000000000000000000002 /* Frameworks */,
				D70000000000000000000002 /* Resources */,
			);
			buildRules = (
			);
			dependencies = (
				D12000000000000000000001 /* PBXTargetDependency */,
			);
			name = NineTests;
			packageProductDependencies = (
				D90000000000000000000001 /* GameTimeCore */,
			);
			productName = NineTests;
			productReference = D20000000000000000000005 /* NineTests.xctest */;
			productType = "com.apple.product-type.bundle.unit-test";
		};
/* End PBXNativeTarget section */

/* Begin PBXProject section */
		D80000000000000000000001 /* Project object */ = {
			isa = PBXProject;
			attributes = {
				BuildIndependentTargetsInParallel = 1;
				LastSwiftUpdateCheck = 2600;
				LastUpgradeCheck = 2600;
				TargetAttributes = {
					D50000000000000000000001 = {
						CreatedOnToolsVersion = 26.0;
						DevelopmentTeam = 4XD74F27J2;
						ProvisioningStyle = Automatic;
					};
					D50000000000000000000002 = {
						CreatedOnToolsVersion = 26.0;
					};
				};
			};
			buildConfigurationList = D91000000000000000000001 /* Build configuration list for PBXProject "Nine" */;
			developmentRegion = en;
			hasScannedForEncodings = 0;
			knownRegions = (
				en,
				Base,
			);
			mainGroup = D40000000000000000000001;
			minimizedProjectReferenceProxies = 1;
			packageReferences = (
				D92000000000000000000001 /* XCLocalSwiftPackageReference "../gametime-ios" */,
				D93000000000000000000001 /* XCRemoteSwiftPackageReference "swift-package-manager-google-mobile-ads" */,
			);
			preferredProjectObjectVersion = 77;
			productRefGroup = D40000000000000000000004 /* Products */;
			projectDirPath = "";
			projectRoot = "";
			targets = (
				D50000000000000000000001 /* Nine */,
				D50000000000000000000002 /* NineTests */,
			);
		};
/* End PBXProject section */

/* Begin PBXResourcesBuildPhase section */
		D70000000000000000000001 /* Resources */ = {
			isa = PBXResourcesBuildPhase;
			buildActionMask = 2147483647;
			files = (
				D1000000000000000000000C /* NineLevels-v1.json in Resources */,
			);
			runOnlyForDeploymentPostprocessing = 0;
		};
		D70000000000000000000002 /* Resources */ = {
			isa = PBXResourcesBuildPhase;
			buildActionMask = 2147483647;
			files = (
			);
			runOnlyForDeploymentPostprocessing = 0;
		};
/* End PBXResourcesBuildPhase section */

/* Begin PBXSourcesBuildPhase section */
		D60000000000000000000001 /* Sources */ = {
			isa = PBXSourcesBuildPhase;
			buildActionMask = 2147483647;
			files = (
				D10000000000000000000001 /* NineApp.swift in Sources */,
				D10000000000000000000002 /* GameScene.swift in Sources */,
				D10000000000000000000007 /* NineBoardModel.swift in Sources */,
				D10000000000000000000009 /* NineLevelPipeline.swift in Sources */,
				D1000000000000000000000A /* PrototypeLevel+Pipeline.swift in Sources */,
				D1000000000000000000000D /* NineFeedback.swift in Sources */,
				D1000000000000000000000F /* NineGameCenter.swift in Sources */,
				D10000000000000000000010 /* NineCommerce.swift in Sources */,
			);
			runOnlyForDeploymentPostprocessing = 0;
		};
		D60000000000000000000002 /* Sources */ = {
			isa = PBXSourcesBuildPhase;
			buildActionMask = 2147483647;
			files = (
				D10000000000000000000003 /* NineSmokeTests.swift in Sources */,
				D10000000000000000000008 /* NineBoardModelTests.swift in Sources */,
				D1000000000000000000000B /* NineLevelPipelineTests.swift in Sources */,
				D1000000000000000000000E /* NineFeedbackTests.swift in Sources */,
				D10000000000000000000013 /* NineCommerceTests.swift in Sources */,
			);
			runOnlyForDeploymentPostprocessing = 0;
		};
/* End PBXSourcesBuildPhase section */

/* Begin PBXTargetDependency section */
		D12000000000000000000001 /* PBXTargetDependency */ = {
			isa = PBXTargetDependency;
			target = D50000000000000000000001 /* Nine */;
			targetProxy = D11000000000000000000001 /* PBXContainerItemProxy */;
		};
/* End PBXTargetDependency section */

/* Begin XCBuildConfiguration section */
		D13000000000000000000001 /* Debug */ = {
			isa = XCBuildConfiguration;
			buildSettings = {
				ALWAYS_SEARCH_USER_PATHS = NO;
				CLANG_ENABLE_MODULES = YES;
				COPY_PHASE_STRIP = NO;
				DEBUG_INFORMATION_FORMAT = dwarf;
				ENABLE_TESTABILITY = YES;
				IPHONEOS_DEPLOYMENT_TARGET = 17.0;
				ONLY_ACTIVE_ARCH = YES;
				SDKROOT = iphoneos;
				SWIFT_ACTIVE_COMPILATION_CONDITIONS = "DEBUG $(inherited)";
				SWIFT_OPTIMIZATION_LEVEL = "-Onone";
			};
			name = Debug;
		};
		D13000000000000000000002 /* Release */ = {
			isa = XCBuildConfiguration;
			buildSettings = {
				ALWAYS_SEARCH_USER_PATHS = NO;
				CLANG_ENABLE_MODULES = YES;
				COPY_PHASE_STRIP = NO;
				DEBUG_INFORMATION_FORMAT = "dwarf-with-dsym";
				IPHONEOS_DEPLOYMENT_TARGET = 17.0;
				SDKROOT = iphoneos;
				SWIFT_COMPILATION_MODE = wholemodule;
				VALIDATE_PRODUCT = YES;
			};
			name = Release;
		};
		D13000000000000000000003 /* Debug */ = {
			isa = XCBuildConfiguration;
			buildSettings = {
				CODE_SIGN_ENTITLEMENTS = Nine/Nine.entitlements;
				CODE_SIGN_STYLE = Automatic;
				CURRENT_PROJECT_VERSION = 1;
				DEVELOPMENT_TEAM = 4XD74F27J2;
				GENERATE_INFOPLIST_FILE = YES;
				INFOPLIST_KEY_CFBundleDisplayName = Nine;
				INFOPLIST_KEY_GADApplicationIdentifier = "ca-app-pub-3940256099942544~1458002511";
				INFOPLIST_KEY_ITSAppUsesNonExemptEncryption = NO;
				INFOPLIST_KEY_LSApplicationCategoryType = "public.app-category.games";
				INFOPLIST_KEY_NineRewardedAdUnitID = "ca-app-pub-3940256099942544/1712485313";
				INFOPLIST_KEY_UIApplicationSceneManifest_Generation = YES;
				INFOPLIST_KEY_UILaunchScreen_Generation = YES;
				INFOPLIST_KEY_UISupportedInterfaceOrientations = UIInterfaceOrientationPortrait;
				IPHONEOS_DEPLOYMENT_TARGET = 17.0;
				MARKETING_VERSION = 0.0.1;
				PRODUCT_BUNDLE_IDENTIFIER = ai.knowlly.gametime.nine;
				PRODUCT_NAME = "$(TARGET_NAME)";
				SUPPORTED_PLATFORMS = "iphoneos iphonesimulator";
				SUPPORTS_MACCATALYST = NO;
				SWIFT_EMIT_LOC_STRINGS = YES;
				SWIFT_VERSION = 6.0;
				TARGETED_DEVICE_FAMILY = 1;
			};
			name = Debug;
		};
		D13000000000000000000004 /* Release */ = {
			isa = XCBuildConfiguration;
			buildSettings = {
				CODE_SIGN_ENTITLEMENTS = Nine/Nine.entitlements;
				CODE_SIGN_STYLE = Automatic;
				CURRENT_PROJECT_VERSION = 1;
				DEVELOPMENT_TEAM = 4XD74F27J2;
				GENERATE_INFOPLIST_FILE = YES;
				INFOPLIST_KEY_CFBundleDisplayName = Nine;
				INFOPLIST_KEY_GADApplicationIdentifier = "ca-app-pub-3940256099942544~1458002511";
				INFOPLIST_KEY_ITSAppUsesNonExemptEncryption = NO;
				INFOPLIST_KEY_LSApplicationCategoryType = "public.app-category.games";
				INFOPLIST_KEY_UIApplicationSceneManifest_Generation = YES;
				INFOPLIST_KEY_UILaunchScreen_Generation = YES;
				INFOPLIST_KEY_UISupportedInterfaceOrientations = UIInterfaceOrientationPortrait;
				IPHONEOS_DEPLOYMENT_TARGET = 17.0;
				MARKETING_VERSION = 0.0.1;
				PRODUCT_BUNDLE_IDENTIFIER = ai.knowlly.gametime.nine;
				PRODUCT_NAME = "$(TARGET_NAME)";
				SUPPORTED_PLATFORMS = "iphoneos iphonesimulator";
				SUPPORTS_MACCATALYST = NO;
				SWIFT_COMPILATION_MODE = wholemodule;
				SWIFT_EMIT_LOC_STRINGS = YES;
				SWIFT_VERSION = 6.0;
				TARGETED_DEVICE_FAMILY = 1;
			};
			name = Release;
		};
		D13000000000000000000005 /* Debug */ = {
			isa = XCBuildConfiguration;
			buildSettings = {
				BUNDLE_LOADER = "$(TEST_HOST)";
				CODE_SIGN_STYLE = Automatic;
				DEVELOPMENT_TEAM = 4XD74F27J2;
				GENERATE_INFOPLIST_FILE = YES;
				IPHONEOS_DEPLOYMENT_TARGET = 17.0;
				PRODUCT_BUNDLE_IDENTIFIER = ai.knowlly.gametime.nine.tests;
				PRODUCT_NAME = "$(TARGET_NAME)";
				SWIFT_VERSION = 6.0;
				TEST_HOST = "$(BUILT_PRODUCTS_DIR)/Nine.app/$(BUNDLE_EXECUTABLE_FOLDER_PATH)/Nine";
			};
			name = Debug;
		};
		D13000000000000000000006 /* Release */ = {
			isa = XCBuildConfiguration;
			buildSettings = {
				BUNDLE_LOADER = "$(TEST_HOST)";
				CODE_SIGN_STYLE = Automatic;
				DEVELOPMENT_TEAM = 4XD74F27J2;
				GENERATE_INFOPLIST_FILE = YES;
				IPHONEOS_DEPLOYMENT_TARGET = 17.0;
				PRODUCT_BUNDLE_IDENTIFIER = ai.knowlly.gametime.nine.tests;
				PRODUCT_NAME = "$(TARGET_NAME)";
				SWIFT_VERSION = 6.0;
				TEST_HOST = "$(BUILT_PRODUCTS_DIR)/Nine.app/$(BUNDLE_EXECUTABLE_FOLDER_PATH)/Nine";
			};
			name = Release;
		};
/* End XCBuildConfiguration section */

/* Begin XCConfigurationList section */
		D91000000000000000000001 /* Build configuration list for PBXProject "Nine" */ = {
			isa = XCConfigurationList;
			buildConfigurations = (
				D13000000000000000000001 /* Debug */,
				D13000000000000000000002 /* Release */,
			);
			defaultConfigurationIsVisible = 0;
			defaultConfigurationName = Release;
		};
		D91000000000000000000002 /* Build configuration list for PBXNativeTarget "Nine" */ = {
			isa = XCConfigurationList;
			buildConfigurations = (
				D13000000000000000000003 /* Debug */,
				D13000000000000000000004 /* Release */,
			);
			defaultConfigurationIsVisible = 0;
			defaultConfigurationName = Release;
		};
		D91000000000000000000003 /* Build configuration list for PBXNativeTarget "NineTests" */ = {
			isa = XCConfigurationList;
			buildConfigurations = (
				D13000000000000000000005 /* Debug */,
				D13000000000000000000006 /* Release */,
			);
			defaultConfigurationIsVisible = 0;
			defaultConfigurationName = Release;
		};
/* End XCConfigurationList section */

/* Begin XCLocalSwiftPackageReference section */
		D92000000000000000000001 /* XCLocalSwiftPackageReference "../gametime-ios" */ = {
			isa = XCLocalSwiftPackageReference;
			relativePath = ../gametime-ios;
		};
/* End XCLocalSwiftPackageReference section */

/* Begin XCRemoteSwiftPackageReference section */
		D93000000000000000000001 /* XCRemoteSwiftPackageReference "swift-package-manager-google-mobile-ads" */ = {
			isa = XCRemoteSwiftPackageReference;
			repositoryURL = "https://github.com/googleads/swift-package-manager-google-mobile-ads.git";
			requirement = {
				kind = upToNextMajorVersion;
				minimumVersion = 13.10.0;
			};
		};
/* End XCRemoteSwiftPackageReference section */

/* Begin XCSwiftPackageProductDependency section */
		D90000000000000000000001 /* GameTimeCore */ = {
			isa = XCSwiftPackageProductDependency;
			package = D92000000000000000000001 /* XCLocalSwiftPackageReference "../gametime-ios" */;
			productName = GameTimeCore;
		};
		D90000000000000000000002 /* GameTimeExperience */ = {
			isa = XCSwiftPackageProductDependency;
			package = D92000000000000000000001 /* XCLocalSwiftPackageReference "../gametime-ios" */;
			productName = GameTimeExperience;
		};
		D90000000000000000000003 /* GameTimeCommerce */ = {
			isa = XCSwiftPackageProductDependency;
			package = D92000000000000000000001 /* XCLocalSwiftPackageReference "../gametime-ios" */;
			productName = GameTimeCommerce;
		};
		D90000000000000000000004 /* GoogleMobileAds */ = {
			isa = XCSwiftPackageProductDependency;
			package = D93000000000000000000001 /* XCRemoteSwiftPackageReference "swift-package-manager-google-mobile-ads" */;
			productName = GoogleMobileAds;
		};
/* End XCSwiftPackageProductDependency section */
	};
	rootObject = D80000000000000000000001 /* Project object */;
}
